
Microsoft Visual Studio Solution File, Format Version 12.00
# Visual Studio Version 16
VisualStudioVersion = 16.0.31702.278
MinimumVisualStudioVersion = 10.0.40219.1
Project("{FAE04EC0-301F-11D3-BF4B-00C04F79EFBC}") = "DizidekiElemanlarınBüyükKüçükOrtalamaStandartSapmaBulmaForm", "DizidekiElemanlarınBüyükKüçükOrtalamaStandartSapmaBulmaForm.csproj", "{0495278B-FF1D-48F6-955D-020710C27ABE}"
EndProject
Global
	GlobalSection(SolutionConfigurationPlatforms) = preSolution
		Debug|Any CPU = Debug|Any CPU
		Release|Any CPU = Release|Any CPU
	EndGlobalSection
	GlobalSection(ProjectConfigurationPlatforms) = postSolution
		{0495278B-FF1D-48F6-955D-020710C27ABE}.Debug|Any CPU.ActiveCfg = Debug|Any CPU
		{0495278B-FF1D-48F6-955D-020710C27ABE}.Debug|Any CPU.Build.0 = Debug|Any CPU
		{0495278B-FF1D-48F6-955D-020710C27ABE}.Release|Any CPU.ActiveCfg = Release|Any CPU
		{0495278B-FF1D-48F6-955D-020710C27ABE}.Release|Any CPU.Build.0 = Release|Any CPU
	EndGlobalSection
	GlobalSection(SolutionProperties) = preSolution
		HideSolutionNode = FALSE
	EndGlobalSection
	GlobalSection(ExtensibilityGlobals) = postSolution
		SolutionGuid = {EFED3724-4BC8-4120-8899-34584ED66EC0}
	EndGlobalSection
EndGlobal
